
Microsoft Visual Studio Solution File, Format Version 12.00
# Visual Studio 14
VisualStudioVersion = 14.0.22823.1
MinimumVisualStudioVersion = 10.0.40219.1
Project("{FAE04EC0-301F-11D3-BF4B-00C04F79EFBC}") = "SuperMarketPricing", "SuperMarketPricing\SuperMarketPricing.csproj", "{B959B2E0-7235-4DAB-866B-6280189A57BF}"
EndProject
Project("{FAE04EC0-301F-11D3-BF4B-00C04F79EFBC}") = "SuperMarketPricing.Tests", "SuperMarketPricing.Tests\SuperMarketPricing.Tests.csproj", "{DD5B1DAE-D01F-4C65-9A5C-EBA07A832A69}"
EndProject
Global
	GlobalSection(SolutionConfigurationPlatforms) = preSolution
		Debug|Any CPU = Debug|Any CPU
		Release|Any CPU = Release|Any CPU
	EndGlobalSection
	GlobalSection(ProjectConfigurationPlatforms) = postSolution
		{B959B2E0-7235-4DAB-866B-6280189A57BF}.Debug|Any CPU.ActiveCfg = Debug|Any CPU
		{B959B2E0-7235-4DAB-866B-6280189A57BF}.Debug|Any CPU.Build.0 = Debug|Any CPU
		{B959B2E0-7235-4DAB-866B-6280189A57BF}.Release|Any CPU.ActiveCfg = Release|Any CPU
		{B959B2E0-7235-4DAB-866B-6280189A57BF}.Release|Any CPU.Build.0 = Release|Any CPU
		{DD5B1DAE-D01F-4C65-9A5C-EBA07A832A69}.Debug|Any CPU.ActiveCfg = Debug|Any CPU
		{DD5B1DAE-D01F-4C65-9A5C-EBA07A832A69}.Debug|Any CPU.Build.0 = Debug|Any CPU
		{DD5B1DAE-D01F-4C65-9A5C-EBA07A832A69}.Release|Any CPU.ActiveCfg = Release|Any CPU
		{DD5B1DAE-D01F-4C65-9A5C-EBA07A832A69}.Release|Any CPU.Build.0 = Release|Any CPU
	EndGlobalSection
	GlobalSection(SolutionProperties) = preSolution
		HideSolutionNode = FALSE
	EndGlobalSection
EndGlobal
